# @generated by Move, please check-in and do not edit manually.

[move]
version = 2
manifest_digest = "0B4F90AB0CAA84EBAFE42B35BFC04874F11C596BBDB8621C85EDB7921B57C667"
deps_digest = "F8BBB0CCB2491CA29A3DF03D6F92277A4F3574266507ACD77214D37ECA3F3082"
dependencies = [
  { name = "Sui" },
]

[[move.package]]
name = "MoveStdlib"
source = { git = "https://github.com/MystenLabs/sui.git", rev = "framework/testnet", subdir = "crates/sui-framework/packages/move-stdlib" }

[[move.package]]
name = "Sui"
source = { git = "https://github.com/MystenLabs/sui.git", rev = "framework/testnet", subdir = "crates/sui-framework/packages/sui-framework" }

dependencies = [
  { name = "MoveStdlib" },
]

[move.toolchain-version]
compiler-version = "1.26.0"
edition = "2024.beta"
flavor = "sui"

[env]

[env.devnet]
chain-id = "bd665407"
original-published-id = "0xdb397425dadc9e2e4b1c07f645b5e34a5a07cf9c539a263aa23b8eb10c6629ea"
latest-published-id = "0xdb397425dadc9e2e4b1c07f645b5e34a5a07cf9c539a263aa23b8eb10c6629ea"
published-version = "1"
